
Microsoft Visual Studio Solution File, Format Version 12.00
# Visual Studio 2013
VisualStudioVersion = 12.0.21005.1
MinimumVisualStudioVersion = 10.0.40219.1
Project("{FAE04EC0-301F-11D3-BF4B-00C04F79EFBC}") = "Demo_Ref", "Demo_Ref.csproj", "{2AC51598-FAF4-4F97-944F-3B96F78D070A}"
EndProject
Global
	GlobalSection(SolutionConfigurationPlatforms) = preSolution
		Debug|Any CPU = Debug|Any CPU
		Release|Any CPU = Release|Any CPU
	EndGlobalSection
	GlobalSection(ProjectConfigurationPlatforms) = postSolution
		{2AC51598-FAF4-4F97-944F-3B96F78D070A}.Debug|Any CPU.ActiveCfg = Debug|Any CPU
		{2AC51598-FAF4-4F97-944F-3B96F78D070A}.Debug|Any CPU.Build.0 = Debug|Any CPU
		{2AC51598-FAF4-4F97-944F-3B96F78D070A}.Release|Any CPU.ActiveCfg = Release|Any CPU
		{2AC51598-FAF4-4F97-944F-3B96F78D070A}.Release|Any CPU.Build.0 = Release|Any CPU
	EndGlobalSection
	GlobalSection(SolutionProperties) = preSolution
		HideSolutionNode = FALSE
	EndGlobalSection
EndGlobal
