
Microsoft Visual Studio Solution File, Format Version 12.00
# Visual Studio 2013
VisualStudioVersion = 12.0.21005.1
MinimumVisualStudioVersion = 10.0.40219.1
Project("{FAE04EC0-301F-11D3-BF4B-00C04F79EFBC}") = "Demo_DataReaderByConsole", "Demo_DataReaderByConsole\Demo_DataReaderByConsole.csproj", "{F074EB49-51D0-4F04-97E3-D32458E5D27E}"
EndProject
Global
	GlobalSection(SolutionConfigurationPlatforms) = preSolution
		Debug|Any CPU = Debug|Any CPU
		Release|Any CPU = Release|Any CPU
	EndGlobalSection
	GlobalSection(ProjectConfigurationPlatforms) = postSolution
		{F074EB49-51D0-4F04-97E3-D32458E5D27E}.Debug|Any CPU.ActiveCfg = Debug|Any CPU
		{F074EB49-51D0-4F04-97E3-D32458E5D27E}.Debug|Any CPU.Build.0 = Debug|Any CPU
		{F074EB49-51D0-4F04-97E3-D32458E5D27E}.Release|Any CPU.ActiveCfg = Release|Any CPU
		{F074EB49-51D0-4F04-97E3-D32458E5D27E}.Release|Any CPU.Build.0 = Release|Any CPU
	EndGlobalSection
	GlobalSection(SolutionProperties) = preSolution
		HideSolutionNode = FALSE
	EndGlobalSection
EndGlobal
